
Microsoft Visual Studio Solution File, Format Version 12.00
# Visual Studio 14
VisualStudioVersion = 14.0.25123.0
MinimumVisualStudioVersion = 10.0.40219.1
Project("{FAE04EC0-301F-11D3-BF4B-00C04F79EFBC}") = "IdleGameApp", "HelloWorld\IdleGameApp.csproj", "{D3BA9E05-AB4A-4E4E-8992-58F0B352A36D}"
EndProject
Project("{FAE04EC0-301F-11D3-BF4B-00C04F79EFBC}") = "IdleGameUnitTests", "UnitTestProject2\IdleGameUnitTests.csproj", "{45256AAF-528B-4972-AD7E-87410BC5981C}"
EndProject
Global
	GlobalSection(SolutionConfigurationPlatforms) = preSolution
		Debug|Any CPU = Debug|Any CPU
		Release|Any CPU = Release|Any CPU
	EndGlobalSection
	GlobalSection(ProjectConfigurationPlatforms) = postSolution
		{D3BA9E05-AB4A-4E4E-8992-58F0B352A36D}.Debug|Any CPU.ActiveCfg = Debug|Any CPU
		{D3BA9E05-AB4A-4E4E-8992-58F0B352A36D}.Debug|Any CPU.Build.0 = Debug|Any CPU
		{D3BA9E05-AB4A-4E4E-8992-58F0B352A36D}.Debug|Any CPU.Deploy.0 = Debug|Any CPU
		{D3BA9E05-AB4A-4E4E-8992-58F0B352A36D}.Release|Any CPU.ActiveCfg = Release|Any CPU
		{D3BA9E05-AB4A-4E4E-8992-58F0B352A36D}.Release|Any CPU.Build.0 = Release|Any CPU
		{D3BA9E05-AB4A-4E4E-8992-58F0B352A36D}.Release|Any CPU.Deploy.0 = Release|Any CPU
		{45256AAF-528B-4972-AD7E-87410BC5981C}.Debug|Any CPU.ActiveCfg = Debug|Any CPU
		{45256AAF-528B-4972-AD7E-87410BC5981C}.Debug|Any CPU.Build.0 = Debug|Any CPU
		{45256AAF-528B-4972-AD7E-87410BC5981C}.Release|Any CPU.ActiveCfg = Release|Any CPU
		{45256AAF-528B-4972-AD7E-87410BC5981C}.Release|Any CPU.Build.0 = Release|Any CPU
	EndGlobalSection
	GlobalSection(SolutionProperties) = preSolution
		HideSolutionNode = FALSE
	EndGlobalSection
EndGlobal
